
Microsoft Visual Studio Solution File, Format Version 12.00
# Visual Studio Version 17
VisualStudioVersion = 17.1.32210.238
MinimumVisualStudioVersion = 10.0.40219.1
Project("{9A19103F-16F7-4668-BE54-9A1E7A4F7556}") = "WeatherConsoleApp", "WeatherConsoleApp\WeatherConsoleApp.csproj", "{2A088CCB-3BE0-4433-9E38-9C37D4C4452A}"
EndProject
Project("{9A19103F-16F7-4668-BE54-9A1E7A4F7556}") = "Domain", "Domain\Domain.csproj", "{1246B0D2-E4E7-402A-8F66-517F267A7EAC}"
EndProject
Project("{9A19103F-16F7-4668-BE54-9A1E7A4F7556}") = "Infrastructure", "Infrastructure\Infrastructure.csproj", "{F4B3F6EF-1718-463F-8F22-0EFFDDD45C52}"
EndProject
Project("{9A19103F-16F7-4668-BE54-9A1E7A4F7556}") = "Application", "Application\Application.csproj", "{BA4D0A4F-DFD7-4812-99B7-AA93F951F651}"
EndProject
Project("{FAE04EC0-301F-11D3-BF4B-00C04F79EFBC}") = "Application.Test", "Application.Test\Application.Test.csproj", "{CE53907C-E551-45B9-BE5B-26849FEA4C7B}"
EndProject
Global
	GlobalSection(SolutionConfigurationPlatforms) = preSolution
		Debug|Any CPU = Debug|Any CPU
		Release|Any CPU = Release|Any CPU
	EndGlobalSection
	GlobalSection(ProjectConfigurationPlatforms) = postSolution
		{2A088CCB-3BE0-4433-9E38-9C37D4C4452A}.Debug|Any CPU.ActiveCfg = Debug|Any CPU
		{2A088CCB-3BE0-4433-9E38-9C37D4C4452A}.Debug|Any CPU.Build.0 = Debug|Any CPU
		{2A088CCB-3BE0-4433-9E38-9C37D4C4452A}.Release|Any CPU.ActiveCfg = Release|Any CPU
		{2A088CCB-3BE0-4433-9E38-9C37D4C4452A}.Release|Any CPU.Build.0 = Release|Any CPU
		{1246B0D2-E4E7-402A-8F66-517F267A7EAC}.Debug|Any CPU.ActiveCfg = Debug|Any CPU
		{1246B0D2-E4E7-402A-8F66-517F267A7EAC}.Debug|Any CPU.Build.0 = Debug|Any CPU
		{1246B0D2-E4E7-402A-8F66-517F267A7EAC}.Release|Any CPU.ActiveCfg = Release|Any CPU
		{1246B0D2-E4E7-402A-8F66-517F267A7EAC}.Release|Any CPU.Build.0 = Release|Any CPU
		{F4B3F6EF-1718-463F-8F22-0EFFDDD45C52}.Debug|Any CPU.ActiveCfg = Debug|Any CPU
		{F4B3F6EF-1718-463F-8F22-0EFFDDD45C52}.Debug|Any CPU.Build.0 = Debug|Any CPU
		{F4B3F6EF-1718-463F-8F22-0EFFDDD45C52}.Release|Any CPU.ActiveCfg = Release|Any CPU
		{F4B3F6EF-1718-463F-8F22-0EFFDDD45C52}.Release|Any CPU.Build.0 = Release|Any CPU
		{BA4D0A4F-DFD7-4812-99B7-AA93F951F651}.Debug|Any CPU.ActiveCfg = Debug|Any CPU
		{BA4D0A4F-DFD7-4812-99B7-AA93F951F651}.Debug|Any CPU.Build.0 = Debug|Any CPU
		{BA4D0A4F-DFD7-4812-99B7-AA93F951F651}.Release|Any CPU.ActiveCfg = Release|Any CPU
		{BA4D0A4F-DFD7-4812-99B7-AA93F951F651}.Release|Any CPU.Build.0 = Release|Any CPU
		{CE53907C-E551-45B9-BE5B-26849FEA4C7B}.Debug|Any CPU.ActiveCfg = Debug|Any CPU
		{CE53907C-E551-45B9-BE5B-26849FEA4C7B}.Debug|Any CPU.Build.0 = Debug|Any CPU
		{CE53907C-E551-45B9-BE5B-26849FEA4C7B}.Release|Any CPU.ActiveCfg = Release|Any CPU
		{CE53907C-E551-45B9-BE5B-26849FEA4C7B}.Release|Any CPU.Build.0 = Release|Any CPU
	EndGlobalSection
	GlobalSection(SolutionProperties) = preSolution
		HideSolutionNode = FALSE
	EndGlobalSection
	GlobalSection(ExtensibilityGlobals) = postSolution
		SolutionGuid = {4FC0C36C-2F45-433F-B6CB-E29877A51B8E}
	EndGlobalSection
EndGlobal
